
Microsoft Visual Studio Solution File, Format Version 12.00
# Visual Studio Version 17
VisualStudioVersion = 17.5.33530.505
MinimumVisualStudioVersion = 10.0.40219.1
Project("{8BC9CEB8-8B4A-11D0-8D11-00A0C91BC942}") = "Pineter", "Pineter\Pineter.vcxproj", "{042CD95D-906C-4672-8451-0111ED13F70E}"
EndProject
Global
	GlobalSection(SolutionConfigurationPlatforms) = preSolution
		Debug|x64 = Debug|x64
		Publish|x64 = Publish|x64
		Release|x64 = Release|x64
	EndGlobalSection
	GlobalSection(ProjectConfigurationPlatforms) = postSolution
		{042CD95D-906C-4672-8451-0111ED13F70E}.Debug|x64.ActiveCfg = Debug|x64
		{042CD95D-906C-4672-8451-0111ED13F70E}.Debug|x64.Build.0 = Debug|x64
		{042CD95D-906C-4672-8451-0111ED13F70E}.Publish|x64.ActiveCfg = Publish|x64
		{042CD95D-906C-4672-8451-0111ED13F70E}.Publish|x64.Build.0 = Publish|x64
		{042CD95D-906C-4672-8451-0111ED13F70E}.Release|x64.ActiveCfg = Release|x64
		{042CD95D-906C-4672-8451-0111ED13F70E}.Release|x64.Build.0 = Release|x64
	EndGlobalSection
	GlobalSection(SolutionProperties) = preSolution
		HideSolutionNode = FALSE
	EndGlobalSection
	GlobalSection(ExtensibilityGlobals) = postSolution
		SolutionGuid = {3F94BD7E-2138-4A31-A5F9-D903A1D265A6}
	EndGlobalSection
EndGlobal
